
Microsoft Visual Studio Solution File, Format Version 12.00
# Visual Studio Version 16
VisualStudioVersion = 16.0.30317.65
MinimumVisualStudioVersion = 15.0.26124.0
Project("{9A19103F-16F7-4668-BE54-9A1E7A4F7556}") = "APIFinancas", "APIFinancas\APIFinancas.csproj", "{90FE0086-965F-4F0D-9371-E566BFD72FE4}"
EndProject
Project("{9A19103F-16F7-4668-BE54-9A1E7A4F7556}") = "APIFinancas.Testes", "APIFinancas.Testes\APIFinancas.Testes.csproj", "{740AAE1A-889D-4A8F-B4BF-0C654C0D41BA}"
EndProject
Global
	GlobalSection(SolutionConfigurationPlatforms) = preSolution
		Debug|Any CPU = Debug|Any CPU
		Debug|x64 = Debug|x64
		Debug|x86 = Debug|x86
		Release|Any CPU = Release|Any CPU
		Release|x64 = Release|x64
		Release|x86 = Release|x86
	EndGlobalSection
	GlobalSection(ProjectConfigurationPlatforms) = postSolution
		{90FE0086-965F-4F0D-9371-E566BFD72FE4}.Debug|Any CPU.ActiveCfg = Debug|Any CPU
		{90FE0086-965F-4F0D-9371-E566BFD72FE4}.Debug|Any CPU.Build.0 = Debug|Any CPU
		{90FE0086-965F-4F0D-9371-E566BFD72FE4}.Debug|x64.ActiveCfg = Debug|Any CPU
		{90FE0086-965F-4F0D-9371-E566BFD72FE4}.Debug|x64.Build.0 = Debug|Any CPU
		{90FE0086-965F-4F0D-9371-E566BFD72FE4}.Debug|x86.ActiveCfg = Debug|Any CPU
		{90FE0086-965F-4F0D-9371-E566BFD72FE4}.Debug|x86.Build.0 = Debug|Any CPU
		{90FE0086-965F-4F0D-9371-E566BFD72FE4}.Release|Any CPU.ActiveCfg = Release|Any CPU
		{90FE0086-965F-4F0D-9371-E566BFD72FE4}.Release|Any CPU.Build.0 = Release|Any CPU
		{90FE0086-965F-4F0D-9371-E566BFD72FE4}.Release|x64.ActiveCfg = Release|Any CPU
		{90FE0086-965F-4F0D-9371-E566BFD72FE4}.Release|x64.Build.0 = Release|Any CPU
		{90FE0086-965F-4F0D-9371-E566BFD72FE4}.Release|x86.ActiveCfg = Release|Any CPU
		{90FE0086-965F-4F0D-9371-E566BFD72FE4}.Release|x86.Build.0 = Release|Any CPU
		{740AAE1A-889D-4A8F-B4BF-0C654C0D41BA}.Debug|Any CPU.ActiveCfg = Debug|Any CPU
		{740AAE1A-889D-4A8F-B4BF-0C654C0D41BA}.Debug|Any CPU.Build.0 = Debug|Any CPU
		{740AAE1A-889D-4A8F-B4BF-0C654C0D41BA}.Debug|x64.ActiveCfg = Debug|Any CPU
		{740AAE1A-889D-4A8F-B4BF-0C654C0D41BA}.Debug|x64.Build.0 = Debug|Any CPU
		{740AAE1A-889D-4A8F-B4BF-0C654C0D41BA}.Debug|x86.ActiveCfg = Debug|Any CPU
		{740AAE1A-889D-4A8F-B4BF-0C654C0D41BA}.Debug|x86.Build.0 = Debug|Any CPU
		{740AAE1A-889D-4A8F-B4BF-0C654C0D41BA}.Release|Any CPU.ActiveCfg = Release|Any CPU
		{740AAE1A-889D-4A8F-B4BF-0C654C0D41BA}.Release|Any CPU.Build.0 = Release|Any CPU
		{740AAE1A-889D-4A8F-B4BF-0C654C0D41BA}.Release|x64.ActiveCfg = Release|Any CPU
		{740AAE1A-889D-4A8F-B4BF-0C654C0D41BA}.Release|x64.Build.0 = Release|Any CPU
		{740AAE1A-889D-4A8F-B4BF-0C654C0D41BA}.Release|x86.ActiveCfg = Release|Any CPU
		{740AAE1A-889D-4A8F-B4BF-0C654C0D41BA}.Release|x86.Build.0 = Release|Any CPU
	EndGlobalSection
	GlobalSection(SolutionProperties) = preSolution
		HideSolutionNode = FALSE
	EndGlobalSection
	GlobalSection(ExtensibilityGlobals) = postSolution
		SolutionGuid = {87565211-5223-4E30-89F1-BCA0CA301DF5}
	EndGlobalSection
EndGlobal
